
Microsoft Visual Studio Solution File, Format Version 12.00
# Visual Studio 2013
VisualStudioVersion = 12.0.21005.1
MinimumVisualStudioVersion = 10.0.40219.1
Project("{8BC9CEB8-8B4A-11D0-8D11-00A0C91BC942}") = "1.getting_started__1.1.hello_window", "1.1.hello_window\1.1.hello_window.vcxproj", "{185370D5-0BFE-4D0B-B213-85C16F6F287D}"
EndProject
Project("{8BC9CEB8-8B4A-11D0-8D11-00A0C91BC942}") = "1.getting_started__1.2.hello_window_clear", "1.2.hello_window_clear\1.2.hello_window_clear.vcxproj", "{DE3641EB-B87C-437F-8C3A-3E3A357E4DBA}"
EndProject
Project("{8BC9CEB8-8B4A-11D0-8D11-00A0C91BC942}") = "1.getting_started__2.1.hello_triangle", "2.1.hello_triangle\2.1.hello_triangle.vcxproj", "{5AF890C6-07D1-4F44-B1CF-D773F193F122}"
EndProject
Project("{8BC9CEB8-8B4A-11D0-8D11-00A0C91BC942}") = "1.getting_started__2.2.hello_triangle_indexed", "2.2.hello_triangle_indexed\2.2.hello_triangle_indexed.vcxproj", "{24B4E67E-D84F-4933-9077-230F6D1A577A}"
EndProject
Project("{8BC9CEB8-8B4A-11D0-8D11-00A0C91BC942}") = "1.getting_started__2.3.hello_triangle_exercise1", "2.3.hello_triangle_exercise1\2.3.hello_triangle_exercise1.vcxproj", "{2003CFC9-92E9-4843-801E-2CC8BB6E28BD}"
EndProject
Project("{8BC9CEB8-8B4A-11D0-8D11-00A0C91BC942}") = "1.getting_started__2.4.hello_triangle_exercise2", "2.4.hello_triangle_exercise2\2.4.hello_triangle_exercise2.vcxproj", "{77E1DFF5-584E-4C66-B847-9B56E9960789}"
EndProject
Project("{8BC9CEB8-8B4A-11D0-8D11-00A0C91BC942}") = "1.getting_started__2.5.hello_triangle_exercise3", "2.5.hello_triangle_exercise3\2.5.hello_triangle_exercise3.vcxproj", "{290BF798-0493-4BCD-BEB9-46BF99779513}"
EndProject
Project("{8BC9CEB8-8B4A-11D0-8D11-00A0C91BC942}") = "1.getting_started__3.1.shaders_uniform", "3.1.shaders_uniform\3.1.shaders_uniform.vcxproj", "{6747F6CD-5D9C-4501-B97A-2ED48D31F0B1}"
EndProject
Project("{8BC9CEB8-8B4A-11D0-8D11-00A0C91BC942}") = "1.getting_started__3.2.shaders_interpolation", "3.2.shaders_interpolation\3.2.shaders_interpolation.vcxproj", "{275EF486-BAF3-4EF9-BF7B-F5681C503D0E}"
EndProject
Project("{8BC9CEB8-8B4A-11D0-8D11-00A0C91BC942}") = "1.getting_started__3.3.shaders_class", "3.3.shaders_class\3.3.shaders_class.vcxproj", "{74AF3007-13EE-4ED7-9A1D-2CF6A6D5C774}"
EndProject
Project("{8BC9CEB8-8B4A-11D0-8D11-00A0C91BC942}") = "1.getting_started__4.1.textures", "4.1.textures\4.1.textures.vcxproj", "{CA872277-E6BA-498B-B2A7-2D905F4D2DAF}"
EndProject
Project("{8BC9CEB8-8B4A-11D0-8D11-00A0C91BC942}") = "1.getting_started__4.2.textures_combined", "4.2.textures_combined\4.2.textures_combined.vcxproj", "{C7D75FAC-5362-4819-A373-BFFDB38D591A}"
EndProject
Project("{8BC9CEB8-8B4A-11D0-8D11-00A0C91BC942}") = "1.getting_started__4.3.textures_exercise2", "4.3.textures_exercise2\4.3.textures_exercise2.vcxproj", "{15E800CF-FDE0-4B0A-8744-E65B13F32CA8}"
EndProject
Project("{8BC9CEB8-8B4A-11D0-8D11-00A0C91BC942}") = "1.getting_started__4.4.textures_exercise3", "4.4.textures_exercise3\4.4.textures_exercise3.vcxproj", "{E18D1172-744E-4CA7-876C-E99AC2118973}"
EndProject
Project("{8BC9CEB8-8B4A-11D0-8D11-00A0C91BC942}") = "1.getting_started__4.5.textures_exercise4", "4.5.textures_exercise4\4.5.textures_exercise4.vcxproj", "{0B2F128C-6DE1-46F0-BCF4-BC7EDD861F95}"
EndProject
Project("{8BC9CEB8-8B4A-11D0-8D11-00A0C91BC942}") = "1.getting_started__5.1.transformations", "5.1.transformations\5.1.transformations.vcxproj", "{AF51556E-1E49-4E4A-B249-51557641B422}"
EndProject
Project("{8BC9CEB8-8B4A-11D0-8D11-00A0C91BC942}") = "1.getting_started__5.2.transformations_exercise2", "5.2.transformations_exercise2\5.2.transformations_exercise2.vcxproj", "{EFC50A72-30C8-4E6D-9896-B2EFE2F1EAA5}"
EndProject
Project("{8BC9CEB8-8B4A-11D0-8D11-00A0C91BC942}") = "1.getting_started__6.1.coordinate_systems", "6.1.coordinate_systems\6.1.coordinate_systems.vcxproj", "{8DC94E8B-F9C8-46EE-B30A-F2D9716BBAD9}"
EndProject
Project("{8BC9CEB8-8B4A-11D0-8D11-00A0C91BC942}") = "1.getting_started__6.2.coordinate_systems_depth", "6.2.coordinate_systems_depth\6.2.coordinate_systems_depth.vcxproj", "{D94BBB76-A514-45DD-9596-28D459D572CB}"
EndProject
Project("{8BC9CEB8-8B4A-11D0-8D11-00A0C91BC942}") = "1.getting_started__6.3.coordinate_systems_multiple", "6.3.coordinate_systems_multiple\6.3.coordinate_systems_multiple.vcxproj", "{20D6F228-03F1-4ED9-AB45-C78921CA2728}"
EndProject
Project("{8BC9CEB8-8B4A-11D0-8D11-00A0C91BC942}") = "1.getting_started__7.1.camera_circle", "7.1.camera_circle\7.1.camera_circle.vcxproj", "{AC02873B-2085-49E0-B7F4-98BAADFC9AA9}"
EndProject
Project("{8BC9CEB8-8B4A-11D0-8D11-00A0C91BC942}") = "1.getting_started__7.2.camera_keyboard_dt", "7.2.camera_keyboard_dt\7.2.camera_keyboard_dt.vcxproj", "{3BA6386D-AC0B-43C5-B811-D8EF0DF9F976}"
EndProject
Project("{8BC9CEB8-8B4A-11D0-8D11-00A0C91BC942}") = "1.getting_started__7.3.camera_mouse_zoom", "7.3.camera_mouse_zoom\7.3.camera_mouse_zoom.vcxproj", "{978BD158-83FB-4B9C-A3BE-D0687CE78D58}"
EndProject
Project("{8BC9CEB8-8B4A-11D0-8D11-00A0C91BC942}") = "1.getting_started__7.4.camera_class", "7.4.camera_class\7.4.camera_class.vcxproj", "{828E761A-4C7D-489E-9B22-B681A89F336C}"
EndProject
Project("{8BC9CEB8-8B4A-11D0-8D11-00A0C91BC942}") = "2.lighting__1.colors", "2.lighting__1.colors\2.lighting__1.colors.vcxproj", "{25D5D3B4-4275-418C-AB51-E38240B8F4BC}"
EndProject
Project("{8BC9CEB8-8B4A-11D0-8D11-00A0C91BC942}") = "2.lighting__2.1.basic_lighting_diffuse", "2.lighting__2.1.basic_lighting_diffuse\2.lighting__2.1.basic_lighting_diffuse.vcxproj", "{317A51F2-57CC-4499-B2D1-06EA75E07B43}"
EndProject
Project("{8BC9CEB8-8B4A-11D0-8D11-00A0C91BC942}") = "2.lighting__2.2.basic_lighting_specular", "2.lighting__2.2.basic_lighting_specular\2.lighting__2.2.basic_lighting_specular.vcxproj", "{38012594-8E8C-4659-938C-F88EC4EDFE7C}"
EndProject
Project("{8BC9CEB8-8B4A-11D0-8D11-00A0C91BC942}") = "2.lighting__3.1.materials", "2.lighting__3.1.materials\2.lighting__3.1.materials.vcxproj", "{27EE52D9-1476-4E16-A4AA-283447F8B918}"
EndProject
Project("{8BC9CEB8-8B4A-11D0-8D11-00A0C91BC942}") = "2.lighting__3.2.materials_exercise1", "2.lighting__3.2.materials_exercise1\2.lighting__3.2.materials_exercise1.vcxproj", "{724D8033-56AD-41E4-B567-5EE358751B5D}"
EndProject
Project("{8BC9CEB8-8B4A-11D0-8D11-00A0C91BC942}") = "2.lighting__4.1.lighting_maps_diffuse_map", "2.lighting__4.1.lighting_maps_diffuse_map\2.lighting__4.1.lighting_maps_diffuse_map.vcxproj", "{01993C28-DF82-4024-982C-5C5ED22DFCB6}"
EndProject
Project("{8BC9CEB8-8B4A-11D0-8D11-00A0C91BC942}") = "2.lighting__4.2.lighting_maps_specular_map", "2.lighting__4.2.lighting_maps_specular_map\2.lighting__4.2.lighting_maps_specular_map.vcxproj", "{35840D4D-323B-461B-A44D-EE7929C9FC2E}"
EndProject
Project("{8BC9CEB8-8B4A-11D0-8D11-00A0C91BC942}") = "2.lighting__4.3.lighting_maps_exercise4", "2.lighting__4.3.lighting_maps_exercise4\2.lighting__4.3.lighting_maps_exercise4.vcxproj", "{382100C5-D7F8-4F26-9A45-938BBC0C7DAD}"
EndProject
Project("{8BC9CEB8-8B4A-11D0-8D11-00A0C91BC942}") = "2.lighting__5.1.light_casters_directional", "2.lighting__5.1.light_casters_directional\2.lighting__5.1.light_casters_directional.vcxproj", "{BD6EA203-4113-4E79-B6CF-0A30EA6FEA07}"
EndProject
Project("{8BC9CEB8-8B4A-11D0-8D11-00A0C91BC942}") = "2.lighting__5.2.light_casters_point", "2.lighting__5.2.light_casters_point\2.lighting__5.2.light_casters_point.vcxproj", "{98255A06-B4EA-408D-AF4D-3FA2E5DD7721}"
EndProject
Project("{8BC9CEB8-8B4A-11D0-8D11-00A0C91BC942}") = "2.lighting__5.3.light_casters_spot", "2.lighting__5.3.light_casters_spot\2.lighting__5.3.light_casters_spot.vcxproj", "{3439CCBA-DB72-40D7-A889-C18E55F7BB3F}"
EndProject
Project("{8BC9CEB8-8B4A-11D0-8D11-00A0C91BC942}") = "2.lighting__5.4.light_casters_spot_soft", "2.lighting__5.4.light_casters_spot_soft\2.lighting__5.4.light_casters_spot_soft.vcxproj", "{5208579B-5A0C-4D30-8CC7-947679B4260E}"
EndProject
Project("{8BC9CEB8-8B4A-11D0-8D11-00A0C91BC942}") = "2.lighting__6.multiple_lights", "2.lighting__6.multiple_lights\2.lighting__6.multiple_lights.vcxproj", "{DD26B35A-20A9-47B2-9D15-8063065C72CD}"
EndProject
Project("{8BC9CEB8-8B4A-11D0-8D11-00A0C91BC942}") = "3.model_loading__1.model_loading", "3.model_loading__1.model_loading\3.model_loading__1.model_loading.vcxproj", "{ACB9C68A-A959-4777-BA8B-FD770CD763B6}"
EndProject
Project("{8BC9CEB8-8B4A-11D0-8D11-00A0C91BC942}") = "4.advanced_opengl__1.1.depth_testing", "4.advanced_opengl__1.1.depth_testing\4.advanced_opengl__1.1.depth_testing.vcxproj", "{2A10C951-70E3-49FC-9250-15656649FE75}"
EndProject
Project("{8BC9CEB8-8B4A-11D0-8D11-00A0C91BC942}") = "4.advanced_opengl__1.2.depth_testing_view", "4.advanced_opengl__1.2.depth_testing_view\4.advanced_opengl__1.2.depth_testing_view.vcxproj", "{920FC13D-BC93-4558-B911-C54FE8E43A41}"
EndProject
Project("{8BC9CEB8-8B4A-11D0-8D11-00A0C91BC942}") = "4.advanced_opengl__10.1.instancing_quads", "4.advanced_opengl__10.1.instancing_quads\4.advanced_opengl__10.1.instancing_quads.vcxproj", "{732DCE0D-B60D-43B2-97DE-1BCC88DC20F9}"
EndProject
Project("{8BC9CEB8-8B4A-11D0-8D11-00A0C91BC942}") = "4.advanced_opengl__2.stencil_testing", "4.advanced_opengl__2.stencil_testing\4.advanced_opengl__2.stencil_testing.vcxproj", "{A7A2FFD3-D997-4E36-B5ED-2F3DAD4B80C5}"
EndProject
Project("{8BC9CEB8-8B4A-11D0-8D11-00A0C91BC942}") = "4.advanced_opengl__3.1.blending_discard", "4.advanced_opengl__3.1.blending_discard\4.advanced_opengl__3.1.blending_discard.vcxproj", "{71B45521-AA3D-4B70-9A4B-A69EABF3548B}"
EndProject
Project("{8BC9CEB8-8B4A-11D0-8D11-00A0C91BC942}") = "4.advanced_opengl__3.2.blending_sort", "4.advanced_opengl__3.2.blending_sort\4.advanced_opengl__3.2.blending_sort.vcxproj", "{8C94383C-BAEB-47E9-B5B2-8E2BEC728318}"
EndProject
Project("{8BC9CEB8-8B4A-11D0-8D11-00A0C91BC942}") = "4.advanced_opengl__5.1.framebuffers", "4.advanced_opengl__5.1.framebuffers\4.advanced_opengl__5.1.framebuffers.vcxproj", "{94FBBE10-0406-4C8E-9591-1C0C52713785}"
EndProject
Project("{8BC9CEB8-8B4A-11D0-8D11-00A0C91BC942}") = "4.advanced_opengl__5.2.framebuffers_exercise1", "4.advanced_opengl__5.2.framebuffers_exercise1\4.advanced_opengl__5.2.framebuffers_exercise1.vcxproj", "{21B3A504-3F3A-48DA-94CE-17357CF21355}"
EndProject
Project("{8BC9CEB8-8B4A-11D0-8D11-00A0C91BC942}") = "4.advanced_opengl__6.1.cubemaps_skybox", "4.advanced_opengl__6.1.cubemaps_skybox\4.advanced_opengl__6.1.cubemaps_skybox.vcxproj", "{AA31F4BE-0752-4192-86D9-92EBDD4B8D1A}"
EndProject
Project("{8BC9CEB8-8B4A-11D0-8D11-00A0C91BC942}") = "4.advanced_opengl__6.2.cubemaps_environment_mapping", "4.advanced_opengl__6.2.cubemaps_environment_mapping\4.advanced_opengl__6.2.cubemaps_environment_mapping.vcxproj", "{63F262BC-030E-403F-A7FD-56D315DA9D9D}"
EndProject
Project("{8BC9CEB8-8B4A-11D0-8D11-00A0C91BC942}") = "4.advanced_opengl__8.advanced_glsl_ubo", "4.advanced_opengl__8.advanced_glsl_ubo\4.advanced_opengl__8.advanced_glsl_ubo.vcxproj", "{ED29DBED-2747-4450-B4F7-8A631C6D80CC}"
EndProject
Project("{8BC9CEB8-8B4A-11D0-8D11-00A0C91BC942}") = "4.advanced_opengl__9.1.geometry_shader_houses", "4.advanced_opengl__9.1.geometry_shader_houses\4.advanced_opengl__9.1.geometry_shader_houses.vcxproj", "{FF9432E3-21B7-4E20-9575-BCE0C3893DFE}"
EndProject
Project("{8BC9CEB8-8B4A-11D0-8D11-00A0C91BC942}") = "4.advanced_opengl__9.2.geometry_shader_exploding", "4.advanced_opengl__9.2.geometry_shader_exploding\4.advanced_opengl__9.2.geometry_shader_exploding.vcxproj", "{6B96F9A6-08F1-49A8-BC7E-67FB5A4B9E39}"
EndProject
Project("{8BC9CEB8-8B4A-11D0-8D11-00A0C91BC942}") = "4.advanced_opengl__9.3.geometry_shader_normals", "4.advanced_opengl__9.3.geometry_shader_normals\4.advanced_opengl__9.3.geometry_shader_normals.vcxproj", "{A4FA9146-AB6D-4976-947E-510FF3201775}"
EndProject
Project("{8BC9CEB8-8B4A-11D0-8D11-00A0C91BC942}") = "5.advanced_lighting__1.advanced_lighting", "5.advanced_lighting__1.advanced_lighting\5.advanced_lighting__1.advanced_lighting.vcxproj", "{C6B9771D-DF25-40E3-B9AA-9EA66E1C4CF4}"
EndProject
Project("{8BC9CEB8-8B4A-11D0-8D11-00A0C91BC942}") = "5.advanced_lighting__2.gamma_correction", "5.advanced_lighting__2.gamma_correction\5.advanced_lighting__2.gamma_correction.vcxproj", "{3449F5A8-ED0E-476A-B708-0896CA93027F}"
EndProject
Project("{8BC9CEB8-8B4A-11D0-8D11-00A0C91BC942}") = "5.advanced_lighting__3.1.1.shadow_mapping_depth", "5.advanced_lighting__3.1.1.shadow_mapping_depth\5.advanced_lighting__3.1.1.shadow_mapping_depth.vcxproj", "{6FB10003-5141-45F6-A670-95559B822DFE}"
EndProject
Project("{8BC9CEB8-8B4A-11D0-8D11-00A0C91BC942}") = "5.advanced_lighting__3.1.3.shadow_mapping", "5.advanced_lighting__3.1.3.shadow_mapping\5.advanced_lighting__3.1.3.shadow_mapping.vcxproj", "{DCF2CBB9-B7A9-4F1A-9E68-57B146B6AC6F}"
EndProject
Project("{8BC9CEB8-8B4A-11D0-8D11-00A0C91BC942}") = "5.advanced_lighting__3.2.1.point_shadows", "5.advanced_lighting__3.2.1.point_shadows\5.advanced_lighting__3.2.1.point_shadows.vcxproj", "{62D0261B-AE9C-4E28-8993-0DB080E0FA49}"
EndProject
Global
	GlobalSection(SolutionConfigurationPlatforms) = preSolution
		Debug|Win32 = Debug|Win32
		Debug|x64 = Debug|x64
		Release|Win32 = Release|Win32
		Release|x64 = Release|x64
	EndGlobalSection
	GlobalSection(ProjectConfigurationPlatforms) = postSolution
		{185370D5-0BFE-4D0B-B213-85C16F6F287D}.Debug|Win32.ActiveCfg = Debug|Win32
		{185370D5-0BFE-4D0B-B213-85C16F6F287D}.Debug|Win32.Build.0 = Debug|Win32
		{185370D5-0BFE-4D0B-B213-85C16F6F287D}.Debug|x64.ActiveCfg = Debug|x64
		{185370D5-0BFE-4D0B-B213-85C16F6F287D}.Debug|x64.Build.0 = Debug|x64
		{185370D5-0BFE-4D0B-B213-85C16F6F287D}.Release|Win32.ActiveCfg = Release|Win32
		{185370D5-0BFE-4D0B-B213-85C16F6F287D}.Release|Win32.Build.0 = Release|Win32
		{185370D5-0BFE-4D0B-B213-85C16F6F287D}.Release|x64.ActiveCfg = Release|x64
		{185370D5-0BFE-4D0B-B213-85C16F6F287D}.Release|x64.Build.0 = Release|x64
		{DE3641EB-B87C-437F-8C3A-3E3A357E4DBA}.Debug|Win32.ActiveCfg = Debug|Win32
		{DE3641EB-B87C-437F-8C3A-3E3A357E4DBA}.Debug|Win32.Build.0 = Debug|Win32
		{DE3641EB-B87C-437F-8C3A-3E3A357E4DBA}.Debug|x64.ActiveCfg = Debug|x64
		{DE3641EB-B87C-437F-8C3A-3E3A357E4DBA}.Debug|x64.Build.0 = Debug|x64
		{DE3641EB-B87C-437F-8C3A-3E3A357E4DBA}.Release|Win32.ActiveCfg = Release|Win32
		{DE3641EB-B87C-437F-8C3A-3E3A357E4DBA}.Release|Win32.Build.0 = Release|Win32
		{DE3641EB-B87C-437F-8C3A-3E3A357E4DBA}.Release|x64.ActiveCfg = Release|x64
		{DE3641EB-B87C-437F-8C3A-3E3A357E4DBA}.Release|x64.Build.0 = Release|x64
		{5AF890C6-07D1-4F44-B1CF-D773F193F122}.Debug|Win32.ActiveCfg = Debug|Win32
		{5AF890C6-07D1-4F44-B1CF-D773F193F122}.Debug|Win32.Build.0 = Debug|Win32
		{5AF890C6-07D1-4F44-B1CF-D773F193F122}.Debug|x64.ActiveCfg = Debug|x64
		{5AF890C6-07D1-4F44-B1CF-D773F193F122}.Debug|x64.Build.0 = Debug|x64
		{5AF890C6-07D1-4F44-B1CF-D773F193F122}.Release|Win32.ActiveCfg = Release|Win32
		{5AF890C6-07D1-4F44-B1CF-D773F193F122}.Release|Win32.Build.0 = Release|Win32
		{5AF890C6-07D1-4F44-B1CF-D773F193F122}.Release|x64.ActiveCfg = Release|x64
		{5AF890C6-07D1-4F44-B1CF-D773F193F122}.Release|x64.Build.0 = Release|x64
		{24B4E67E-D84F-4933-9077-230F6D1A577A}.Debug|Win32.ActiveCfg = Debug|Win32
		{24B4E67E-D84F-4933-9077-230F6D1A577A}.Debug|Win32.Build.0 = Debug|Win32
		{24B4E67E-D84F-4933-9077-230F6D1A577A}.Debug|x64.ActiveCfg = Debug|x64
		{24B4E67E-D84F-4933-9077-230F6D1A577A}.Debug|x64.Build.0 = Debug|x64
		{24B4E67E-D84F-4933-9077-230F6D1A577A}.Release|Win32.ActiveCfg = Release|Win32
		{24B4E67E-D84F-4933-9077-230F6D1A577A}.Release|Win32.Build.0 = Release|Win32
		{24B4E67E-D84F-4933-9077-230F6D1A577A}.Release|x64.ActiveCfg = Release|x64
		{24B4E67E-D84F-4933-9077-230F6D1A577A}.Release|x64.Build.0 = Release|x64
		{2003CFC9-92E9-4843-801E-2CC8BB6E28BD}.Debug|Win32.ActiveCfg = Debug|Win32
		{2003CFC9-92E9-4843-801E-2CC8BB6E28BD}.Debug|Win32.Build.0 = Debug|Win32
		{2003CFC9-92E9-4843-801E-2CC8BB6E28BD}.Debug|x64.ActiveCfg = Debug|x64
		{2003CFC9-92E9-4843-801E-2CC8BB6E28BD}.Debug|x64.Build.0 = Debug|x64
		{2003CFC9-92E9-4843-801E-2CC8BB6E28BD}.Release|Win32.ActiveCfg = Release|Win32
		{2003CFC9-92E9-4843-801E-2CC8BB6E28BD}.Release|Win32.Build.0 = Release|Win32
		{2003CFC9-92E9-4843-801E-2CC8BB6E28BD}.Release|x64.ActiveCfg = Release|x64
		{2003CFC9-92E9-4843-801E-2CC8BB6E28BD}.Release|x64.Build.0 = Release|x64
		{77E1DFF5-584E-4C66-B847-9B56E9960789}.Debug|Win32.ActiveCfg = Debug|Win32
		{77E1DFF5-584E-4C66-B847-9B56E9960789}.Debug|Win32.Build.0 = Debug|Win32
		{77E1DFF5-584E-4C66-B847-9B56E9960789}.Debug|x64.ActiveCfg = Debug|x64
		{77E1DFF5-584E-4C66-B847-9B56E9960789}.Debug|x64.Build.0 = Debug|x64
		{77E1DFF5-584E-4C66-B847-9B56E9960789}.Release|Win32.ActiveCfg = Release|Win32
		{77E1DFF5-584E-4C66-B847-9B56E9960789}.Release|Win32.Build.0 = Release|Win32
		{77E1DFF5-584E-4C66-B847-9B56E9960789}.Release|x64.ActiveCfg = Release|x64
		{77E1DFF5-584E-4C66-B847-9B56E9960789}.Release|x64.Build.0 = Release|x64
		{290BF798-0493-4BCD-BEB9-46BF99779513}.Debug|Win32.ActiveCfg = Debug|Win32
		{290BF798-0493-4BCD-BEB9-46BF99779513}.Debug|Win32.Build.0 = Debug|Win32
		{290BF798-0493-4BCD-BEB9-46BF99779513}.Debug|x64.ActiveCfg = Debug|x64
		{290BF798-0493-4BCD-BEB9-46BF99779513}.Debug|x64.Build.0 = Debug|x64
		{290BF798-0493-4BCD-BEB9-46BF99779513}.Release|Win32.ActiveCfg = Release|Win32
		{290BF798-0493-4BCD-BEB9-46BF99779513}.Release|Win32.Build.0 = Release|Win32
		{290BF798-0493-4BCD-BEB9-46BF99779513}.Release|x64.ActiveCfg = Release|x64
		{290BF798-0493-4BCD-BEB9-46BF99779513}.Release|x64.Build.0 = Release|x64
		{6747F6CD-5D9C-4501-B97A-2ED48D31F0B1}.Debug|Win32.ActiveCfg = Debug|Win32
		{6747F6CD-5D9C-4501-B97A-2ED48D31F0B1}.Debug|Win32.Build.0 = Debug|Win32
		{6747F6CD-5D9C-4501-B97A-2ED48D31F0B1}.Debug|x64.ActiveCfg = Debug|x64
		{6747F6CD-5D9C-4501-B97A-2ED48D31F0B1}.Debug|x64.Build.0 = Debug|x64
		{6747F6CD-5D9C-4501-B97A-2ED48D31F0B1}.Release|Win32.ActiveCfg = Release|Win32
		{6747F6CD-5D9C-4501-B97A-2ED48D31F0B1}.Release|Win32.Build.0 = Release|Win32
		{6747F6CD-5D9C-4501-B97A-2ED48D31F0B1}.Release|x64.ActiveCfg = Release|x64
		{6747F6CD-5D9C-4501-B97A-2ED48D31F0B1}.Release|x64.Build.0 = Release|x64
		{275EF486-BAF3-4EF9-BF7B-F5681C503D0E}.Debug|Win32.ActiveCfg = Debug|Win32
		{275EF486-BAF3-4EF9-BF7B-F5681C503D0E}.Debug|Win32.Build.0 = Debug|Win32
		{275EF486-BAF3-4EF9-BF7B-F5681C503D0E}.Debug|x64.ActiveCfg = Debug|x64
		{275EF486-BAF3-4EF9-BF7B-F5681C503D0E}.Debug|x64.Build.0 = Debug|x64
		{275EF486-BAF3-4EF9-BF7B-F5681C503D0E}.Release|Win32.ActiveCfg = Release|Win32
		{275EF486-BAF3-4EF9-BF7B-F5681C503D0E}.Release|Win32.Build.0 = Release|Win32
		{275EF486-BAF3-4EF9-BF7B-F5681C503D0E}.Release|x64.ActiveCfg = Release|x64
		{275EF486-BAF3-4EF9-BF7B-F5681C503D0E}.Release|x64.Build.0 = Release|x64
		{74AF3007-13EE-4ED7-9A1D-2CF6A6D5C774}.Debug|Win32.ActiveCfg = Debug|Win32
		{74AF3007-13EE-4ED7-9A1D-2CF6A6D5C774}.Debug|Win32.Build.0 = Debug|Win32
		{74AF3007-13EE-4ED7-9A1D-2CF6A6D5C774}.Debug|x64.ActiveCfg = Debug|x64
		{74AF3007-13EE-4ED7-9A1D-2CF6A6D5C774}.Debug|x64.Build.0 = Debug|x64
		{74AF3007-13EE-4ED7-9A1D-2CF6A6D5C774}.Release|Win32.ActiveCfg = Release|Win32
		{74AF3007-13EE-4ED7-9A1D-2CF6A6D5C774}.Release|Win32.Build.0 = Release|Win32
		{74AF3007-13EE-4ED7-9A1D-2CF6A6D5C774}.Release|x64.ActiveCfg = Release|x64
		{74AF3007-13EE-4ED7-9A1D-2CF6A6D5C774}.Release|x64.Build.0 = Release|x64
		{CA872277-E6BA-498B-B2A7-2D905F4D2DAF}.Debug|Win32.ActiveCfg = Debug|Win32
		{CA872277-E6BA-498B-B2A7-2D905F4D2DAF}.Debug|Win32.Build.0 = Debug|Win32
		{CA872277-E6BA-498B-B2A7-2D905F4D2DAF}.Debug|x64.ActiveCfg = Debug|x64
		{CA872277-E6BA-498B-B2A7-2D905F4D2DAF}.Debug|x64.Build.0 = Debug|x64
		{CA872277-E6BA-498B-B2A7-2D905F4D2DAF}.Release|Win32.ActiveCfg = Release|Win32
		{CA872277-E6BA-498B-B2A7-2D905F4D2DAF}.Release|Win32.Build.0 = Release|Win32
		{CA872277-E6BA-498B-B2A7-2D905F4D2DAF}.Release|x64.ActiveCfg = Release|x64
		{CA872277-E6BA-498B-B2A7-2D905F4D2DAF}.Release|x64.Build.0 = Release|x64
		{C7D75FAC-5362-4819-A373-BFFDB38D591A}.Debug|Win32.ActiveCfg = Debug|Win32
		{C7D75FAC-5362-4819-A373-BFFDB38D591A}.Debug|Win32.Build.0 = Debug|Win32
		{C7D75FAC-5362-4819-A373-BFFDB38D591A}.Debug|x64.ActiveCfg = Debug|Win32
		{C7D75FAC-5362-4819-A373-BFFDB38D591A}.Release|Win32.ActiveCfg = Release|Win32
		{C7D75FAC-5362-4819-A373-BFFDB38D591A}.Release|Win32.Build.0 = Release|Win32
		{C7D75FAC-5362-4819-A373-BFFDB38D591A}.Release|x64.ActiveCfg = Release|Win32
		{15E800CF-FDE0-4B0A-8744-E65B13F32CA8}.Debug|Win32.ActiveCfg = Debug|Win32
		{15E800CF-FDE0-4B0A-8744-E65B13F32CA8}.Debug|Win32.Build.0 = Debug|Win32
		{15E800CF-FDE0-4B0A-8744-E65B13F32CA8}.Debug|x64.ActiveCfg = Debug|Win32
		{15E800CF-FDE0-4B0A-8744-E65B13F32CA8}.Release|Win32.ActiveCfg = Release|Win32
		{15E800CF-FDE0-4B0A-8744-E65B13F32CA8}.Release|Win32.Build.0 = Release|Win32
		{15E800CF-FDE0-4B0A-8744-E65B13F32CA8}.Release|x64.ActiveCfg = Release|Win32
		{E18D1172-744E-4CA7-876C-E99AC2118973}.Debug|Win32.ActiveCfg = Debug|Win32
		{E18D1172-744E-4CA7-876C-E99AC2118973}.Debug|Win32.Build.0 = Debug|Win32
		{E18D1172-744E-4CA7-876C-E99AC2118973}.Debug|x64.ActiveCfg = Debug|Win32
		{E18D1172-744E-4CA7-876C-E99AC2118973}.Release|Win32.ActiveCfg = Release|Win32
		{E18D1172-744E-4CA7-876C-E99AC2118973}.Release|Win32.Build.0 = Release|Win32
		{E18D1172-744E-4CA7-876C-E99AC2118973}.Release|x64.ActiveCfg = Release|Win32
		{0B2F128C-6DE1-46F0-BCF4-BC7EDD861F95}.Debug|Win32.ActiveCfg = Debug|Win32
		{0B2F128C-6DE1-46F0-BCF4-BC7EDD861F95}.Debug|Win32.Build.0 = Debug|Win32
		{0B2F128C-6DE1-46F0-BCF4-BC7EDD861F95}.Debug|x64.ActiveCfg = Debug|Win32
		{0B2F128C-6DE1-46F0-BCF4-BC7EDD861F95}.Release|Win32.ActiveCfg = Release|Win32
		{0B2F128C-6DE1-46F0-BCF4-BC7EDD861F95}.Release|Win32.Build.0 = Release|Win32
		{0B2F128C-6DE1-46F0-BCF4-BC7EDD861F95}.Release|x64.ActiveCfg = Release|Win32
		{AF51556E-1E49-4E4A-B249-51557641B422}.Debug|Win32.ActiveCfg = Debug|Win32
		{AF51556E-1E49-4E4A-B249-51557641B422}.Debug|Win32.Build.0 = Debug|Win32
		{AF51556E-1E49-4E4A-B249-51557641B422}.Debug|x64.ActiveCfg = Debug|Win32
		{AF51556E-1E49-4E4A-B249-51557641B422}.Release|Win32.ActiveCfg = Release|Win32
		{AF51556E-1E49-4E4A-B249-51557641B422}.Release|Win32.Build.0 = Release|Win32
		{AF51556E-1E49-4E4A-B249-51557641B422}.Release|x64.ActiveCfg = Release|Win32
		{EFC50A72-30C8-4E6D-9896-B2EFE2F1EAA5}.Debug|Win32.ActiveCfg = Debug|Win32
		{EFC50A72-30C8-4E6D-9896-B2EFE2F1EAA5}.Debug|Win32.Build.0 = Debug|Win32
		{EFC50A72-30C8-4E6D-9896-B2EFE2F1EAA5}.Debug|x64.ActiveCfg = Debug|Win32
		{EFC50A72-30C8-4E6D-9896-B2EFE2F1EAA5}.Release|Win32.ActiveCfg = Release|Win32
		{EFC50A72-30C8-4E6D-9896-B2EFE2F1EAA5}.Release|Win32.Build.0 = Release|Win32
		{EFC50A72-30C8-4E6D-9896-B2EFE2F1EAA5}.Release|x64.ActiveCfg = Release|Win32
		{8DC94E8B-F9C8-46EE-B30A-F2D9716BBAD9}.Debug|Win32.ActiveCfg = Debug|Win32
		{8DC94E8B-F9C8-46EE-B30A-F2D9716BBAD9}.Debug|Win32.Build.0 = Debug|Win32
		{8DC94E8B-F9C8-46EE-B30A-F2D9716BBAD9}.Debug|x64.ActiveCfg = Debug|Win32
		{8DC94E8B-F9C8-46EE-B30A-F2D9716BBAD9}.Release|Win32.ActiveCfg = Release|Win32
		{8DC94E8B-F9C8-46EE-B30A-F2D9716BBAD9}.Release|Win32.Build.0 = Release|Win32
		{8DC94E8B-F9C8-46EE-B30A-F2D9716BBAD9}.Release|x64.ActiveCfg = Release|Win32
		{D94BBB76-A514-45DD-9596-28D459D572CB}.Debug|Win32.ActiveCfg = Debug|Win32
		{D94BBB76-A514-45DD-9596-28D459D572CB}.Debug|Win32.Build.0 = Debug|Win32
		{D94BBB76-A514-45DD-9596-28D459D572CB}.Debug|x64.ActiveCfg = Debug|Win32
		{D94BBB76-A514-45DD-9596-28D459D572CB}.Release|Win32.ActiveCfg = Release|Win32
		{D94BBB76-A514-45DD-9596-28D459D572CB}.Release|Win32.Build.0 = Release|Win32
		{D94BBB76-A514-45DD-9596-28D459D572CB}.Release|x64.ActiveCfg = Release|Win32
		{20D6F228-03F1-4ED9-AB45-C78921CA2728}.Debug|Win32.ActiveCfg = Debug|Win32
		{20D6F228-03F1-4ED9-AB45-C78921CA2728}.Debug|Win32.Build.0 = Debug|Win32
		{20D6F228-03F1-4ED9-AB45-C78921CA2728}.Debug|x64.ActiveCfg = Debug|Win32
		{20D6F228-03F1-4ED9-AB45-C78921CA2728}.Release|Win32.ActiveCfg = Release|Win32
		{20D6F228-03F1-4ED9-AB45-C78921CA2728}.Release|Win32.Build.0 = Release|Win32
		{20D6F228-03F1-4ED9-AB45-C78921CA2728}.Release|x64.ActiveCfg = Release|Win32
		{AC02873B-2085-49E0-B7F4-98BAADFC9AA9}.Debug|Win32.ActiveCfg = Debug|Win32
		{AC02873B-2085-49E0-B7F4-98BAADFC9AA9}.Debug|Win32.Build.0 = Debug|Win32
		{AC02873B-2085-49E0-B7F4-98BAADFC9AA9}.Debug|x64.ActiveCfg = Debug|Win32
		{AC02873B-2085-49E0-B7F4-98BAADFC9AA9}.Release|Win32.ActiveCfg = Release|Win32
		{AC02873B-2085-49E0-B7F4-98BAADFC9AA9}.Release|Win32.Build.0 = Release|Win32
		{AC02873B-2085-49E0-B7F4-98BAADFC9AA9}.Release|x64.ActiveCfg = Release|Win32
		{3BA6386D-AC0B-43C5-B811-D8EF0DF9F976}.Debug|Win32.ActiveCfg = Debug|Win32
		{3BA6386D-AC0B-43C5-B811-D8EF0DF9F976}.Debug|Win32.Build.0 = Debug|Win32
		{3BA6386D-AC0B-43C5-B811-D8EF0DF9F976}.Debug|x64.ActiveCfg = Debug|Win32
		{3BA6386D-AC0B-43C5-B811-D8EF0DF9F976}.Release|Win32.ActiveCfg = Release|Win32
		{3BA6386D-AC0B-43C5-B811-D8EF0DF9F976}.Release|Win32.Build.0 = Release|Win32
		{3BA6386D-AC0B-43C5-B811-D8EF0DF9F976}.Release|x64.ActiveCfg = Release|Win32
		{978BD158-83FB-4B9C-A3BE-D0687CE78D58}.Debug|Win32.ActiveCfg = Debug|Win32
		{978BD158-83FB-4B9C-A3BE-D0687CE78D58}.Debug|Win32.Build.0 = Debug|Win32
		{978BD158-83FB-4B9C-A3BE-D0687CE78D58}.Debug|x64.ActiveCfg = Debug|Win32
		{978BD158-83FB-4B9C-A3BE-D0687CE78D58}.Release|Win32.ActiveCfg = Release|Win32
		{978BD158-83FB-4B9C-A3BE-D0687CE78D58}.Release|Win32.Build.0 = Release|Win32
		{978BD158-83FB-4B9C-A3BE-D0687CE78D58}.Release|x64.ActiveCfg = Release|Win32
		{828E761A-4C7D-489E-9B22-B681A89F336C}.Debug|Win32.ActiveCfg = Debug|Win32
		{828E761A-4C7D-489E-9B22-B681A89F336C}.Debug|Win32.Build.0 = Debug|Win32
		{828E761A-4C7D-489E-9B22-B681A89F336C}.Debug|x64.ActiveCfg = Debug|Win32
		{828E761A-4C7D-489E-9B22-B681A89F336C}.Release|Win32.ActiveCfg = Release|Win32
		{828E761A-4C7D-489E-9B22-B681A89F336C}.Release|Win32.Build.0 = Release|Win32
		{828E761A-4C7D-489E-9B22-B681A89F336C}.Release|x64.ActiveCfg = Release|Win32
		{25D5D3B4-4275-418C-AB51-E38240B8F4BC}.Debug|Win32.ActiveCfg = Debug|Win32
		{25D5D3B4-4275-418C-AB51-E38240B8F4BC}.Debug|Win32.Build.0 = Debug|Win32
		{25D5D3B4-4275-418C-AB51-E38240B8F4BC}.Debug|x64.ActiveCfg = Debug|Win32
		{25D5D3B4-4275-418C-AB51-E38240B8F4BC}.Release|Win32.ActiveCfg = Release|Win32
		{25D5D3B4-4275-418C-AB51-E38240B8F4BC}.Release|Win32.Build.0 = Release|Win32
		{25D5D3B4-4275-418C-AB51-E38240B8F4BC}.Release|x64.ActiveCfg = Release|Win32
		{317A51F2-57CC-4499-B2D1-06EA75E07B43}.Debug|Win32.ActiveCfg = Debug|Win32
		{317A51F2-57CC-4499-B2D1-06EA75E07B43}.Debug|Win32.Build.0 = Debug|Win32
		{317A51F2-57CC-4499-B2D1-06EA75E07B43}.Debug|x64.ActiveCfg = Debug|Win32
		{317A51F2-57CC-4499-B2D1-06EA75E07B43}.Release|Win32.ActiveCfg = Release|Win32
		{317A51F2-57CC-4499-B2D1-06EA75E07B43}.Release|Win32.Build.0 = Release|Win32
		{317A51F2-57CC-4499-B2D1-06EA75E07B43}.Release|x64.ActiveCfg = Release|Win32
		{38012594-8E8C-4659-938C-F88EC4EDFE7C}.Debug|Win32.ActiveCfg = Debug|Win32
		{38012594-8E8C-4659-938C-F88EC4EDFE7C}.Debug|Win32.Build.0 = Debug|Win32
		{38012594-8E8C-4659-938C-F88EC4EDFE7C}.Debug|x64.ActiveCfg = Debug|Win32
		{38012594-8E8C-4659-938C-F88EC4EDFE7C}.Release|Win32.ActiveCfg = Release|Win32
		{38012594-8E8C-4659-938C-F88EC4EDFE7C}.Release|Win32.Build.0 = Release|Win32
		{38012594-8E8C-4659-938C-F88EC4EDFE7C}.Release|x64.ActiveCfg = Release|Win32
		{27EE52D9-1476-4E16-A4AA-283447F8B918}.Debug|Win32.ActiveCfg = Debug|Win32
		{27EE52D9-1476-4E16-A4AA-283447F8B918}.Debug|Win32.Build.0 = Debug|Win32
		{27EE52D9-1476-4E16-A4AA-283447F8B918}.Debug|x64.ActiveCfg = Debug|Win32
		{27EE52D9-1476-4E16-A4AA-283447F8B918}.Release|Win32.ActiveCfg = Release|Win32
		{27EE52D9-1476-4E16-A4AA-283447F8B918}.Release|Win32.Build.0 = Release|Win32
		{27EE52D9-1476-4E16-A4AA-283447F8B918}.Release|x64.ActiveCfg = Release|Win32
		{724D8033-56AD-41E4-B567-5EE358751B5D}.Debug|Win32.ActiveCfg = Debug|Win32
		{724D8033-56AD-41E4-B567-5EE358751B5D}.Debug|Win32.Build.0 = Debug|Win32
		{724D8033-56AD-41E4-B567-5EE358751B5D}.Debug|x64.ActiveCfg = Debug|Win32
		{724D8033-56AD-41E4-B567-5EE358751B5D}.Release|Win32.ActiveCfg = Release|Win32
		{724D8033-56AD-41E4-B567-5EE358751B5D}.Release|Win32.Build.0 = Release|Win32
		{724D8033-56AD-41E4-B567-5EE358751B5D}.Release|x64.ActiveCfg = Release|Win32
		{01993C28-DF82-4024-982C-5C5ED22DFCB6}.Debug|Win32.ActiveCfg = Debug|Win32
		{01993C28-DF82-4024-982C-5C5ED22DFCB6}.Debug|Win32.Build.0 = Debug|Win32
		{01993C28-DF82-4024-982C-5C5ED22DFCB6}.Debug|x64.ActiveCfg = Debug|Win32
		{01993C28-DF82-4024-982C-5C5ED22DFCB6}.Release|Win32.ActiveCfg = Release|Win32
		{01993C28-DF82-4024-982C-5C5ED22DFCB6}.Release|Win32.Build.0 = Release|Win32
		{01993C28-DF82-4024-982C-5C5ED22DFCB6}.Release|x64.ActiveCfg = Release|Win32
		{35840D4D-323B-461B-A44D-EE7929C9FC2E}.Debug|Win32.ActiveCfg = Debug|Win32
		{35840D4D-323B-461B-A44D-EE7929C9FC2E}.Debug|Win32.Build.0 = Debug|Win32
		{35840D4D-323B-461B-A44D-EE7929C9FC2E}.Debug|x64.ActiveCfg = Debug|Win32
		{35840D4D-323B-461B-A44D-EE7929C9FC2E}.Release|Win32.ActiveCfg = Release|Win32
		{35840D4D-323B-461B-A44D-EE7929C9FC2E}.Release|Win32.Build.0 = Release|Win32
		{35840D4D-323B-461B-A44D-EE7929C9FC2E}.Release|x64.ActiveCfg = Release|Win32
		{382100C5-D7F8-4F26-9A45-938BBC0C7DAD}.Debug|Win32.ActiveCfg = Debug|Win32
		{382100C5-D7F8-4F26-9A45-938BBC0C7DAD}.Debug|Win32.Build.0 = Debug|Win32
		{382100C5-D7F8-4F26-9A45-938BBC0C7DAD}.Debug|x64.ActiveCfg = Debug|Win32
		{382100C5-D7F8-4F26-9A45-938BBC0C7DAD}.Release|Win32.ActiveCfg = Release|Win32
		{382100C5-D7F8-4F26-9A45-938BBC0C7DAD}.Release|Win32.Build.0 = Release|Win32
		{382100C5-D7F8-4F26-9A45-938BBC0C7DAD}.Release|x64.ActiveCfg = Release|Win32
		{BD6EA203-4113-4E79-B6CF-0A30EA6FEA07}.Debug|Win32.ActiveCfg = Debug|Win32
		{BD6EA203-4113-4E79-B6CF-0A30EA6FEA07}.Debug|Win32.Build.0 = Debug|Win32
		{BD6EA203-4113-4E79-B6CF-0A30EA6FEA07}.Debug|x64.ActiveCfg = Debug|Win32
		{BD6EA203-4113-4E79-B6CF-0A30EA6FEA07}.Release|Win32.ActiveCfg = Release|Win32
		{BD6EA203-4113-4E79-B6CF-0A30EA6FEA07}.Release|Win32.Build.0 = Release|Win32
		{BD6EA203-4113-4E79-B6CF-0A30EA6FEA07}.Release|x64.ActiveCfg = Release|Win32
		{98255A06-B4EA-408D-AF4D-3FA2E5DD7721}.Debug|Win32.ActiveCfg = Debug|Win32
		{98255A06-B4EA-408D-AF4D-3FA2E5DD7721}.Debug|Win32.Build.0 = Debug|Win32
		{98255A06-B4EA-408D-AF4D-3FA2E5DD7721}.Debug|x64.ActiveCfg = Debug|Win32
		{98255A06-B4EA-408D-AF4D-3FA2E5DD7721}.Release|Win32.ActiveCfg = Release|Win32
		{98255A06-B4EA-408D-AF4D-3FA2E5DD7721}.Release|Win32.Build.0 = Release|Win32
		{98255A06-B4EA-408D-AF4D-3FA2E5DD7721}.Release|x64.ActiveCfg = Release|Win32
		{3439CCBA-DB72-40D7-A889-C18E55F7BB3F}.Debug|Win32.ActiveCfg = Debug|Win32
		{3439CCBA-DB72-40D7-A889-C18E55F7BB3F}.Debug|Win32.Build.0 = Debug|Win32
		{3439CCBA-DB72-40D7-A889-C18E55F7BB3F}.Debug|x64.ActiveCfg = Debug|Win32
		{3439CCBA-DB72-40D7-A889-C18E55F7BB3F}.Release|Win32.ActiveCfg = Release|Win32
		{3439CCBA-DB72-40D7-A889-C18E55F7BB3F}.Release|Win32.Build.0 = Release|Win32
		{3439CCBA-DB72-40D7-A889-C18E55F7BB3F}.Release|x64.ActiveCfg = Release|Win32
		{5208579B-5A0C-4D30-8CC7-947679B4260E}.Debug|Win32.ActiveCfg = Debug|Win32
		{5208579B-5A0C-4D30-8CC7-947679B4260E}.Debug|Win32.Build.0 = Debug|Win32
		{5208579B-5A0C-4D30-8CC7-947679B4260E}.Debug|x64.ActiveCfg = Debug|Win32
		{5208579B-5A0C-4D30-8CC7-947679B4260E}.Release|Win32.ActiveCfg = Release|Win32
		{5208579B-5A0C-4D30-8CC7-947679B4260E}.Release|Win32.Build.0 = Release|Win32
		{5208579B-5A0C-4D30-8CC7-947679B4260E}.Release|x64.ActiveCfg = Release|Win32
		{DD26B35A-20A9-47B2-9D15-8063065C72CD}.Debug|Win32.ActiveCfg = Debug|Win32
		{DD26B35A-20A9-47B2-9D15-8063065C72CD}.Debug|Win32.Build.0 = Debug|Win32
		{DD26B35A-20A9-47B2-9D15-8063065C72CD}.Debug|x64.ActiveCfg = Debug|Win32
		{DD26B35A-20A9-47B2-9D15-8063065C72CD}.Release|Win32.ActiveCfg = Release|Win32
		{DD26B35A-20A9-47B2-9D15-8063065C72CD}.Release|Win32.Build.0 = Release|Win32
		{DD26B35A-20A9-47B2-9D15-8063065C72CD}.Release|x64.ActiveCfg = Release|Win32
		{ACB9C68A-A959-4777-BA8B-FD770CD763B6}.Debug|Win32.ActiveCfg = Debug|Win32
		{ACB9C68A-A959-4777-BA8B-FD770CD763B6}.Debug|Win32.Build.0 = Debug|Win32
		{ACB9C68A-A959-4777-BA8B-FD770CD763B6}.Debug|x64.ActiveCfg = Debug|Win32
		{ACB9C68A-A959-4777-BA8B-FD770CD763B6}.Release|Win32.ActiveCfg = Release|Win32
		{ACB9C68A-A959-4777-BA8B-FD770CD763B6}.Release|Win32.Build.0 = Release|Win32
		{ACB9C68A-A959-4777-BA8B-FD770CD763B6}.Release|x64.ActiveCfg = Release|Win32
		{2A10C951-70E3-49FC-9250-15656649FE75}.Debug|Win32.ActiveCfg = Debug|Win32
		{2A10C951-70E3-49FC-9250-15656649FE75}.Debug|Win32.Build.0 = Debug|Win32
		{2A10C951-70E3-49FC-9250-15656649FE75}.Debug|x64.ActiveCfg = Debug|Win32
		{2A10C951-70E3-49FC-9250-15656649FE75}.Release|Win32.ActiveCfg = Release|Win32
		{2A10C951-70E3-49FC-9250-15656649FE75}.Release|Win32.Build.0 = Release|Win32
		{2A10C951-70E3-49FC-9250-15656649FE75}.Release|x64.ActiveCfg = Release|Win32
		{920FC13D-BC93-4558-B911-C54FE8E43A41}.Debug|Win32.ActiveCfg = Debug|Win32
		{920FC13D-BC93-4558-B911-C54FE8E43A41}.Debug|Win32.Build.0 = Debug|Win32
		{920FC13D-BC93-4558-B911-C54FE8E43A41}.Debug|x64.ActiveCfg = Debug|Win32
		{920FC13D-BC93-4558-B911-C54FE8E43A41}.Release|Win32.ActiveCfg = Release|Win32
		{920FC13D-BC93-4558-B911-C54FE8E43A41}.Release|Win32.Build.0 = Release|Win32
		{920FC13D-BC93-4558-B911-C54FE8E43A41}.Release|x64.ActiveCfg = Release|Win32
		{732DCE0D-B60D-43B2-97DE-1BCC88DC20F9}.Debug|Win32.ActiveCfg = Debug|Win32
		{732DCE0D-B60D-43B2-97DE-1BCC88DC20F9}.Debug|Win32.Build.0 = Debug|Win32
		{732DCE0D-B60D-43B2-97DE-1BCC88DC20F9}.Debug|x64.ActiveCfg = Debug|Win32
		{732DCE0D-B60D-43B2-97DE-1BCC88DC20F9}.Release|Win32.ActiveCfg = Release|Win32
		{732DCE0D-B60D-43B2-97DE-1BCC88DC20F9}.Release|Win32.Build.0 = Release|Win32
		{732DCE0D-B60D-43B2-97DE-1BCC88DC20F9}.Release|x64.ActiveCfg = Release|Win32
		{A7A2FFD3-D997-4E36-B5ED-2F3DAD4B80C5}.Debug|Win32.ActiveCfg = Debug|Win32
		{A7A2FFD3-D997-4E36-B5ED-2F3DAD4B80C5}.Debug|Win32.Build.0 = Debug|Win32
		{A7A2FFD3-D997-4E36-B5ED-2F3DAD4B80C5}.Debug|x64.ActiveCfg = Debug|Win32
		{A7A2FFD3-D997-4E36-B5ED-2F3DAD4B80C5}.Release|Win32.ActiveCfg = Release|Win32
		{A7A2FFD3-D997-4E36-B5ED-2F3DAD4B80C5}.Release|Win32.Build.0 = Release|Win32
		{A7A2FFD3-D997-4E36-B5ED-2F3DAD4B80C5}.Release|x64.ActiveCfg = Release|Win32
		{71B45521-AA3D-4B70-9A4B-A69EABF3548B}.Debug|Win32.ActiveCfg = Debug|Win32
		{71B45521-AA3D-4B70-9A4B-A69EABF3548B}.Debug|Win32.Build.0 = Debug|Win32
		{71B45521-AA3D-4B70-9A4B-A69EABF3548B}.Debug|x64.ActiveCfg = Debug|Win32
		{71B45521-AA3D-4B70-9A4B-A69EABF3548B}.Release|Win32.ActiveCfg = Release|Win32
		{71B45521-AA3D-4B70-9A4B-A69EABF3548B}.Release|Win32.Build.0 = Release|Win32
		{71B45521-AA3D-4B70-9A4B-A69EABF3548B}.Release|x64.ActiveCfg = Release|Win32
		{8C94383C-BAEB-47E9-B5B2-8E2BEC728318}.Debug|Win32.ActiveCfg = Debug|Win32
		{8C94383C-BAEB-47E9-B5B2-8E2BEC728318}.Debug|Win32.Build.0 = Debug|Win32
		{8C94383C-BAEB-47E9-B5B2-8E2BEC728318}.Debug|x64.ActiveCfg = Debug|Win32
		{8C94383C-BAEB-47E9-B5B2-8E2BEC728318}.Release|Win32.ActiveCfg = Release|Win32
		{8C94383C-BAEB-47E9-B5B2-8E2BEC728318}.Release|Win32.Build.0 = Release|Win32
		{8C94383C-BAEB-47E9-B5B2-8E2BEC728318}.Release|x64.ActiveCfg = Release|Win32
		{94FBBE10-0406-4C8E-9591-1C0C52713785}.Debug|Win32.ActiveCfg = Debug|Win32
		{94FBBE10-0406-4C8E-9591-1C0C52713785}.Debug|Win32.Build.0 = Debug|Win32
		{94FBBE10-0406-4C8E-9591-1C0C52713785}.Debug|x64.ActiveCfg = Debug|Win32
		{94FBBE10-0406-4C8E-9591-1C0C52713785}.Release|Win32.ActiveCfg = Release|Win32
		{94FBBE10-0406-4C8E-9591-1C0C52713785}.Release|Win32.Build.0 = Release|Win32
		{94FBBE10-0406-4C8E-9591-1C0C52713785}.Release|x64.ActiveCfg = Release|Win32
		{21B3A504-3F3A-48DA-94CE-17357CF21355}.Debug|Win32.ActiveCfg = Debug|Win32
		{21B3A504-3F3A-48DA-94CE-17357CF21355}.Debug|Win32.Build.0 = Debug|Win32
		{21B3A504-3F3A-48DA-94CE-17357CF21355}.Debug|x64.ActiveCfg = Debug|Win32
		{21B3A504-3F3A-48DA-94CE-17357CF21355}.Release|Win32.ActiveCfg = Release|Win32
		{21B3A504-3F3A-48DA-94CE-17357CF21355}.Release|Win32.Build.0 = Release|Win32
		{21B3A504-3F3A-48DA-94CE-17357CF21355}.Release|x64.ActiveCfg = Release|Win32
		{AA31F4BE-0752-4192-86D9-92EBDD4B8D1A}.Debug|Win32.ActiveCfg = Debug|Win32
		{AA31F4BE-0752-4192-86D9-92EBDD4B8D1A}.Debug|Win32.Build.0 = Debug|Win32
		{AA31F4BE-0752-4192-86D9-92EBDD4B8D1A}.Debug|x64.ActiveCfg = Debug|Win32
		{AA31F4BE-0752-4192-86D9-92EBDD4B8D1A}.Release|Win32.ActiveCfg = Release|Win32
		{AA31F4BE-0752-4192-86D9-92EBDD4B8D1A}.Release|Win32.Build.0 = Release|Win32
		{AA31F4BE-0752-4192-86D9-92EBDD4B8D1A}.Release|x64.ActiveCfg = Release|Win32
		{63F262BC-030E-403F-A7FD-56D315DA9D9D}.Debug|Win32.ActiveCfg = Debug|Win32
		{63F262BC-030E-403F-A7FD-56D315DA9D9D}.Debug|Win32.Build.0 = Debug|Win32
		{63F262BC-030E-403F-A7FD-56D315DA9D9D}.Debug|x64.ActiveCfg = Debug|Win32
		{63F262BC-030E-403F-A7FD-56D315DA9D9D}.Release|Win32.ActiveCfg = Release|Win32
		{63F262BC-030E-403F-A7FD-56D315DA9D9D}.Release|Win32.Build.0 = Release|Win32
		{63F262BC-030E-403F-A7FD-56D315DA9D9D}.Release|x64.ActiveCfg = Release|Win32
		{ED29DBED-2747-4450-B4F7-8A631C6D80CC}.Debug|Win32.ActiveCfg = Debug|Win32
		{ED29DBED-2747-4450-B4F7-8A631C6D80CC}.Debug|Win32.Build.0 = Debug|Win32
		{ED29DBED-2747-4450-B4F7-8A631C6D80CC}.Debug|x64.ActiveCfg = Debug|Win32
		{ED29DBED-2747-4450-B4F7-8A631C6D80CC}.Release|Win32.ActiveCfg = Release|Win32
		{ED29DBED-2747-4450-B4F7-8A631C6D80CC}.Release|Win32.Build.0 = Release|Win32
		{ED29DBED-2747-4450-B4F7-8A631C6D80CC}.Release|x64.ActiveCfg = Release|Win32
		{FF9432E3-21B7-4E20-9575-BCE0C3893DFE}.Debug|Win32.ActiveCfg = Debug|Win32
		{FF9432E3-21B7-4E20-9575-BCE0C3893DFE}.Debug|Win32.Build.0 = Debug|Win32
		{FF9432E3-21B7-4E20-9575-BCE0C3893DFE}.Debug|x64.ActiveCfg = Debug|Win32
		{FF9432E3-21B7-4E20-9575-BCE0C3893DFE}.Release|Win32.ActiveCfg = Release|Win32
		{FF9432E3-21B7-4E20-9575-BCE0C3893DFE}.Release|Win32.Build.0 = Release|Win32
		{FF9432E3-21B7-4E20-9575-BCE0C3893DFE}.Release|x64.ActiveCfg = Release|Win32
		{6B96F9A6-08F1-49A8-BC7E-67FB5A4B9E39}.Debug|Win32.ActiveCfg = Debug|Win32
		{6B96F9A6-08F1-49A8-BC7E-67FB5A4B9E39}.Debug|Win32.Build.0 = Debug|Win32
		{6B96F9A6-08F1-49A8-BC7E-67FB5A4B9E39}.Debug|x64.ActiveCfg = Debug|Win32
		{6B96F9A6-08F1-49A8-BC7E-67FB5A4B9E39}.Release|Win32.ActiveCfg = Release|Win32
		{6B96F9A6-08F1-49A8-BC7E-67FB5A4B9E39}.Release|Win32.Build.0 = Release|Win32
		{6B96F9A6-08F1-49A8-BC7E-67FB5A4B9E39}.Release|x64.ActiveCfg = Release|Win32
		{A4FA9146-AB6D-4976-947E-510FF3201775}.Debug|Win32.ActiveCfg = Debug|Win32
		{A4FA9146-AB6D-4976-947E-510FF3201775}.Debug|Win32.Build.0 = Debug|Win32
		{A4FA9146-AB6D-4976-947E-510FF3201775}.Debug|x64.ActiveCfg = Debug|Win32
		{A4FA9146-AB6D-4976-947E-510FF3201775}.Release|Win32.ActiveCfg = Release|Win32
		{A4FA9146-AB6D-4976-947E-510FF3201775}.Release|Win32.Build.0 = Release|Win32
		{A4FA9146-AB6D-4976-947E-510FF3201775}.Release|x64.ActiveCfg = Release|Win32
		{C6B9771D-DF25-40E3-B9AA-9EA66E1C4CF4}.Debug|Win32.ActiveCfg = Debug|Win32
		{C6B9771D-DF25-40E3-B9AA-9EA66E1C4CF4}.Debug|Win32.Build.0 = Debug|Win32
		{C6B9771D-DF25-40E3-B9AA-9EA66E1C4CF4}.Debug|x64.ActiveCfg = Debug|Win32
		{C6B9771D-DF25-40E3-B9AA-9EA66E1C4CF4}.Release|Win32.ActiveCfg = Release|Win32
		{C6B9771D-DF25-40E3-B9AA-9EA66E1C4CF4}.Release|Win32.Build.0 = Release|Win32
		{C6B9771D-DF25-40E3-B9AA-9EA66E1C4CF4}.Release|x64.ActiveCfg = Release|Win32
		{3449F5A8-ED0E-476A-B708-0896CA93027F}.Debug|Win32.ActiveCfg = Debug|Win32
		{3449F5A8-ED0E-476A-B708-0896CA93027F}.Debug|Win32.Build.0 = Debug|Win32
		{3449F5A8-ED0E-476A-B708-0896CA93027F}.Debug|x64.ActiveCfg = Debug|Win32
		{3449F5A8-ED0E-476A-B708-0896CA93027F}.Release|Win32.ActiveCfg = Release|Win32
		{3449F5A8-ED0E-476A-B708-0896CA93027F}.Release|Win32.Build.0 = Release|Win32
		{3449F5A8-ED0E-476A-B708-0896CA93027F}.Release|x64.ActiveCfg = Release|Win32
		{6FB10003-5141-45F6-A670-95559B822DFE}.Debug|Win32.ActiveCfg = Debug|Win32
		{6FB10003-5141-45F6-A670-95559B822DFE}.Debug|Win32.Build.0 = Debug|Win32
		{6FB10003-5141-45F6-A670-95559B822DFE}.Debug|x64.ActiveCfg = Debug|Win32
		{6FB10003-5141-45F6-A670-95559B822DFE}.Release|Win32.ActiveCfg = Release|Win32
		{6FB10003-5141-45F6-A670-95559B822DFE}.Release|Win32.Build.0 = Release|Win32
		{6FB10003-5141-45F6-A670-95559B822DFE}.Release|x64.ActiveCfg = Release|Win32
		{DCF2CBB9-B7A9-4F1A-9E68-57B146B6AC6F}.Debug|Win32.ActiveCfg = Debug|Win32
		{DCF2CBB9-B7A9-4F1A-9E68-57B146B6AC6F}.Debug|Win32.Build.0 = Debug|Win32
		{DCF2CBB9-B7A9-4F1A-9E68-57B146B6AC6F}.Debug|x64.ActiveCfg = Debug|Win32
		{DCF2CBB9-B7A9-4F1A-9E68-57B146B6AC6F}.Release|Win32.ActiveCfg = Release|Win32
		{DCF2CBB9-B7A9-4F1A-9E68-57B146B6AC6F}.Release|Win32.Build.0 = Release|Win32
		{DCF2CBB9-B7A9-4F1A-9E68-57B146B6AC6F}.Release|x64.ActiveCfg = Release|Win32
		{62D0261B-AE9C-4E28-8993-0DB080E0FA49}.Debug|Win32.ActiveCfg = Debug|Win32
		{62D0261B-AE9C-4E28-8993-0DB080E0FA49}.Debug|Win32.Build.0 = Debug|Win32
		{62D0261B-AE9C-4E28-8993-0DB080E0FA49}.Debug|x64.ActiveCfg = Debug|Win32
		{62D0261B-AE9C-4E28-8993-0DB080E0FA49}.Release|Win32.ActiveCfg = Release|Win32
		{62D0261B-AE9C-4E28-8993-0DB080E0FA49}.Release|Win32.Build.0 = Release|Win32
		{62D0261B-AE9C-4E28-8993-0DB080E0FA49}.Release|x64.ActiveCfg = Release|Win32
	EndGlobalSection
	GlobalSection(SolutionProperties) = preSolution
		HideSolutionNode = FALSE
	EndGlobalSection
EndGlobal
